
Microsoft Visual Studio Solution File, Format Version 12.00
# Visual Studio Version 17
VisualStudioVersion = 17.4.33213.308
MinimumVisualStudioVersion = 10.0.40219.1
Project("{9A19103F-16F7-4668-BE54-9A1E7A4F7556}") = "st10102257_APPR6312_DIS3_Gr2_Part1", "st10102257_APPR6312_DIS3_Gr2_Part1\st10102257_APPR6312_DIS3_Gr2_Part1.csproj", "{360A2318-43D3-45EA-A09F-12F51F6F10EB}"
EndProject
Project("{FAE04EC0-301F-11D3-BF4B-00C04F79EFBC}") = "UnitTest", "UnitTest\UnitTest.csproj", "{5ACE85DE-320C-4631-9545-079AD0567AE8}"
EndProject
Global
	GlobalSection(SolutionConfigurationPlatforms) = preSolution
		Debug|Any CPU = Debug|Any CPU
		Release|Any CPU = Release|Any CPU
	EndGlobalSection
	GlobalSection(ProjectConfigurationPlatforms) = postSolution
		{360A2318-43D3-45EA-A09F-12F51F6F10EB}.Debug|Any CPU.ActiveCfg = Debug|Any CPU
		{360A2318-43D3-45EA-A09F-12F51F6F10EB}.Debug|Any CPU.Build.0 = Debug|Any CPU
		{360A2318-43D3-45EA-A09F-12F51F6F10EB}.Release|Any CPU.ActiveCfg = Release|Any CPU
		{360A2318-43D3-45EA-A09F-12F51F6F10EB}.Release|Any CPU.Build.0 = Release|Any CPU
		{5ACE85DE-320C-4631-9545-079AD0567AE8}.Debug|Any CPU.ActiveCfg = Debug|Any CPU
		{5ACE85DE-320C-4631-9545-079AD0567AE8}.Debug|Any CPU.Build.0 = Debug|Any CPU
		{5ACE85DE-320C-4631-9545-079AD0567AE8}.Release|Any CPU.ActiveCfg = Release|Any CPU
		{5ACE85DE-320C-4631-9545-079AD0567AE8}.Release|Any CPU.Build.0 = Release|Any CPU
	EndGlobalSection
	GlobalSection(SolutionProperties) = preSolution
		HideSolutionNode = FALSE
	EndGlobalSection
	GlobalSection(ExtensibilityGlobals) = postSolution
		SolutionGuid = {32B30D7E-06D7-4A4D-B492-0882B9E88E72}
	EndGlobalSection
EndGlobal
